
Microsoft Visual Studio Solution File, Format Version 12.00
# Visual Studio Version 16
VisualStudioVersion = 16.0.30804.86
MinimumVisualStudioVersion = 10.0.40219.1
Project("{FAE04EC0-301F-11D3-BF4B-00C04F79EFBC}") = "Oririum", "Oririum\Oririum.csproj", "{BCEC4F7E-1766-46D6-BA71-C74670B9911B}"
EndProject
Global
	GlobalSection(SolutionConfigurationPlatforms) = preSolution
		Debug|Any CPU = Debug|Any CPU
		Release|Any CPU = Release|Any CPU
	EndGlobalSection
	GlobalSection(ProjectConfigurationPlatforms) = postSolution
		{BCEC4F7E-1766-46D6-BA71-C74670B9911B}.Debug|Any CPU.ActiveCfg = Debug|Any CPU
		{BCEC4F7E-1766-46D6-BA71-C74670B9911B}.Debug|Any CPU.Build.0 = Debug|Any CPU
		{BCEC4F7E-1766-46D6-BA71-C74670B9911B}.Release|Any CPU.ActiveCfg = Release|Any CPU
		{BCEC4F7E-1766-46D6-BA71-C74670B9911B}.Release|Any CPU.Build.0 = Release|Any CPU
	EndGlobalSection
	GlobalSection(SolutionProperties) = preSolution
		HideSolutionNode = FALSE
	EndGlobalSection
	GlobalSection(ExtensibilityGlobals) = postSolution
		SolutionGuid = {9D603279-FC56-4967-8FE3-FDBB0E191DBF}
	EndGlobalSection
EndGlobal
